
Microsoft Visual Studio Solution File, Format Version 12.00
# Visual Studio Version 17
VisualStudioVersion = 17.3.32804.467
MinimumVisualStudioVersion = 10.0.40219.1
Project("{FAE04EC0-301F-11D3-BF4B-00C04F79EFBC}") = "Blogs.DataAccess", "Blogs.DataAccess\Blogs.DataAccess.csproj", "{90DB2DD0-6215-416C-A4E5-6B4121110060}"
EndProject
Global
	GlobalSection(SolutionConfigurationPlatforms) = preSolution
		Debug|Any CPU = Debug|Any CPU
		Release|Any CPU = Release|Any CPU
	EndGlobalSection
	GlobalSection(ProjectConfigurationPlatforms) = postSolution
		{90DB2DD0-6215-416C-A4E5-6B4121110060}.Debug|Any CPU.ActiveCfg = Debug|Any CPU
		{90DB2DD0-6215-416C-A4E5-6B4121110060}.Debug|Any CPU.Build.0 = Debug|Any CPU
		{90DB2DD0-6215-416C-A4E5-6B4121110060}.Release|Any CPU.ActiveCfg = Release|Any CPU
		{90DB2DD0-6215-416C-A4E5-6B4121110060}.Release|Any CPU.Build.0 = Release|Any CPU
	EndGlobalSection
	GlobalSection(SolutionProperties) = preSolution
		HideSolutionNode = FALSE
	EndGlobalSection
	GlobalSection(ExtensibilityGlobals) = postSolution
		SolutionGuid = {A385DFCB-D49F-42A6-9FB1-A6BAEA0C4265}
	EndGlobalSection
EndGlobal
